
Microsoft Visual Studio Solution File, Format Version 12.00
# Visual Studio Version 17
VisualStudioVersion = 17.4.33103.184
MinimumVisualStudioVersion = 10.0.40219.1
Project("{FAE04EC0-301F-11D3-BF4B-00C04F79EFBC}") = "CMSPlus02", "CMSPlus02.csproj", "{238A5080-C0EF-4A6B-A513-A70654A0EA7A}"
EndProject
Global
	GlobalSection(SolutionConfigurationPlatforms) = preSolution
		Debug|Any CPU = Debug|Any CPU
		Release|Any CPU = Release|Any CPU
	EndGlobalSection
	GlobalSection(ProjectConfigurationPlatforms) = postSolution
		{238A5080-C0EF-4A6B-A513-A70654A0EA7A}.Debug|Any CPU.ActiveCfg = Debug|Any CPU
		{238A5080-C0EF-4A6B-A513-A70654A0EA7A}.Debug|Any CPU.Build.0 = Debug|Any CPU
		{238A5080-C0EF-4A6B-A513-A70654A0EA7A}.Release|Any CPU.ActiveCfg = Release|Any CPU
		{238A5080-C0EF-4A6B-A513-A70654A0EA7A}.Release|Any CPU.Build.0 = Release|Any CPU
	EndGlobalSection
	GlobalSection(SolutionProperties) = preSolution
		HideSolutionNode = FALSE
	EndGlobalSection
	GlobalSection(ExtensibilityGlobals) = postSolution
		SolutionGuid = {490F14D6-876F-4FBB-BC67-8F69168AC785}
	EndGlobalSection
EndGlobal
